
Microsoft Visual Studio Solution File, Format Version 12.00
# Visual Studio Version 17
VisualStudioVersion = 17.1.32421.90
MinimumVisualStudioVersion = 10.0.40219.1
Project("{8BC9CEB8-8B4A-11D0-8D11-00A0C91BC942}") = "dipcvnetutils_vs2022", "src\utils\dipcvnetutils_vs2022.vcxproj", "{E4E31347-4991-4B0B-9F57-C2F76DFA6106}"
EndProject
Project("{8BC9CEB8-8B4A-11D0-8D11-00A0C91BC942}") = "dipcvnet_vs2022", "src\dipcvnet\dipcvnet_vs2022.vcxproj", "{7C9581C6-B183-4B00-9DDF-548AC64B36DC}"
EndProject
Project("{8BC9CEB8-8B4A-11D0-8D11-00A0C91BC942}") = "dipcprobe_vs2022", "src\probe\dipcprobe_vs2022.vcxproj", "{830D6297-23CC-4BA9-BD56-4CCCD39C5144}"
EndProject
Project("{8BC9CEB8-8B4A-11D0-8D11-00A0C91BC942}") = "dipcvos_vs2022", "src\dipcvos\dipcvos_vs2022.vcxproj", "{1CF920F8-5495-48AC-A6A8-5255951AF4B9}"
EndProject
Project("{8BC9CEB8-8B4A-11D0-8D11-00A0C91BC942}") = "main_vs2022", "src\main\main_vs2022.vcxproj", "{AFA0C4F6-7180-4205-88B8-AEF9D234B862}"
EndProject
Project("{8BC9CEB8-8B4A-11D0-8D11-00A0C91BC942}") = "vswitch_vs2022", "src\vswitch\vswitch_vs2022.vcxproj", "{390D9400-2101-442B-BF2D-4FADEDDE3BE2}"
EndProject
Project("{8BC9CEB8-8B4A-11D0-8D11-00A0C91BC942}") = "dipcvnetpacket_vs2022", "src\packet\dipcvnetpacket_vs2022.vcxproj", "{657320C9-4A3F-4D18-9AC0-33B88E65A7DB}"
EndProject
Project("{8BC9CEB8-8B4A-11D0-8D11-00A0C91BC942}") = "vnetpolicy_vs2022", "src\vnetpolicy\vnetpolicy_vs2022.vcxproj", "{673500CB-2FE4-4D08-926F-DE143B56F1FF}"
EndProject
Global
	GlobalSection(SolutionConfigurationPlatforms) = preSolution
		Debug|x64 = Debug|x64
		Release|x64 = Release|x64
	EndGlobalSection
	GlobalSection(ProjectConfigurationPlatforms) = postSolution
		{E4E31347-4991-4B0B-9F57-C2F76DFA6106}.Debug|x64.ActiveCfg = Debug|x64
		{E4E31347-4991-4B0B-9F57-C2F76DFA6106}.Debug|x64.Build.0 = Debug|x64
		{E4E31347-4991-4B0B-9F57-C2F76DFA6106}.Release|x64.ActiveCfg = Release|x64
		{E4E31347-4991-4B0B-9F57-C2F76DFA6106}.Release|x64.Build.0 = Release|x64
		{7C9581C6-B183-4B00-9DDF-548AC64B36DC}.Debug|x64.ActiveCfg = Debug|x64
		{7C9581C6-B183-4B00-9DDF-548AC64B36DC}.Debug|x64.Build.0 = Debug|x64
		{7C9581C6-B183-4B00-9DDF-548AC64B36DC}.Release|x64.ActiveCfg = Release|x64
		{7C9581C6-B183-4B00-9DDF-548AC64B36DC}.Release|x64.Build.0 = Release|x64
		{830D6297-23CC-4BA9-BD56-4CCCD39C5144}.Debug|x64.ActiveCfg = Debug|x64
		{830D6297-23CC-4BA9-BD56-4CCCD39C5144}.Debug|x64.Build.0 = Debug|x64
		{830D6297-23CC-4BA9-BD56-4CCCD39C5144}.Release|x64.ActiveCfg = Release|x64
		{830D6297-23CC-4BA9-BD56-4CCCD39C5144}.Release|x64.Build.0 = Release|x64
		{1CF920F8-5495-48AC-A6A8-5255951AF4B9}.Debug|x64.ActiveCfg = Debug|x64
		{1CF920F8-5495-48AC-A6A8-5255951AF4B9}.Debug|x64.Build.0 = Debug|x64
		{1CF920F8-5495-48AC-A6A8-5255951AF4B9}.Release|x64.ActiveCfg = Release|x64
		{1CF920F8-5495-48AC-A6A8-5255951AF4B9}.Release|x64.Build.0 = Release|x64
		{AFA0C4F6-7180-4205-88B8-AEF9D234B862}.Debug|x64.ActiveCfg = Debug|x64
		{AFA0C4F6-7180-4205-88B8-AEF9D234B862}.Debug|x64.Build.0 = Debug|x64
		{AFA0C4F6-7180-4205-88B8-AEF9D234B862}.Release|x64.ActiveCfg = Release|x64
		{AFA0C4F6-7180-4205-88B8-AEF9D234B862}.Release|x64.Build.0 = Release|x64
		{390D9400-2101-442B-BF2D-4FADEDDE3BE2}.Debug|x64.ActiveCfg = Debug|x64
		{390D9400-2101-442B-BF2D-4FADEDDE3BE2}.Debug|x64.Build.0 = Debug|x64
		{390D9400-2101-442B-BF2D-4FADEDDE3BE2}.Release|x64.ActiveCfg = Release|x64
		{390D9400-2101-442B-BF2D-4FADEDDE3BE2}.Release|x64.Build.0 = Release|x64
		{657320C9-4A3F-4D18-9AC0-33B88E65A7DB}.Debug|x64.ActiveCfg = Debug|x64
		{657320C9-4A3F-4D18-9AC0-33B88E65A7DB}.Debug|x64.Build.0 = Debug|x64
		{657320C9-4A3F-4D18-9AC0-33B88E65A7DB}.Release|x64.ActiveCfg = Release|x64
		{657320C9-4A3F-4D18-9AC0-33B88E65A7DB}.Release|x64.Build.0 = Release|x64
		{673500CB-2FE4-4D08-926F-DE143B56F1FF}.Debug|x64.ActiveCfg = Debug|x64
		{673500CB-2FE4-4D08-926F-DE143B56F1FF}.Debug|x64.Build.0 = Debug|x64
		{673500CB-2FE4-4D08-926F-DE143B56F1FF}.Release|x64.ActiveCfg = Release|x64
		{673500CB-2FE4-4D08-926F-DE143B56F1FF}.Release|x64.Build.0 = Release|x64
	EndGlobalSection
	GlobalSection(SolutionProperties) = preSolution
		HideSolutionNode = FALSE
	EndGlobalSection
	GlobalSection(ExtensibilityGlobals) = postSolution
		SolutionGuid = {59F865D4-08BB-4208-A1EB-97CA681C83E5}
	EndGlobalSection
EndGlobal
